// !$*UTF8*$!
{
	archiveVersion = 1;
	classes = {
	};
	objectVersion = 46;
	objects = {

/* Begin PBXBuildFile section */
		4B10DBC4213989CB00EA2208 /* LaunchScreen.storyboard in Resources */ = {isa = PBXBuildFile; fileRef = 76EF7ECE1D2559140087C785 /* LaunchScreen.storyboard */; };
		4B10DBC5213989D000EA2208 /* Assets.xcassets in Resources */ = {isa = PBXBuildFile; fileRef = 76EF7ECC1D2559140087C785 /* Assets.xcassets */; };
		4B10DBC821398A0300EA2208 /* Main.storyboard in Resources */ = {isa = PBXBuildFile; fileRef = 4B10DBC621398A0200EA2208 /* Main.storyboard */; };
		76EF7EC21D2559140087C785 /* main.m in Sources */ = {isa = PBXBuildFile; fileRef = 76EF7EC11D2559140087C785 /* main.m */; };
		76EF7EC51D2559140087C785 /* AppDelegate.m in Sources */ = {isa = PBXBuildFile; fileRef = 76EF7EC41D2559140087C785 /* AppDelegate.m */; };
		A17D53A79087F2684A52A498 /* Pods_MercadoPagoSDKExamplesObjectiveC.framework in Frameworks */ = {isa = PBXBuildFile; fileRef = CB637D14DF4711A0EF71A19C /* Pods_MercadoPagoSDKExamplesObjectiveC.framework */; };
		FCB7859223E1D38B00B55FC7 /* ViewController.m in Sources */ = {isa = PBXBuildFile; fileRef = FCB7859123E1D38B00B55FC7 /* ViewController.m */; };
/* End PBXBuildFile section */

/* Begin PBXCopyFilesBuildPhase section */
		15AF42AE1D36848100E70343 /* Embed Frameworks */ = {
			isa = PBXCopyFilesBuildPhase;
			buildActionMask = 2147483647;
			dstPath = "";
			dstSubfolderSpec = 10;
			files = (
			);
			name = "Embed Frameworks";
			runOnlyForDeploymentPostprocessing = 0;
		};
/* End PBXCopyFilesBuildPhase section */

/* Begin PBXFileReference section */
		388C1284408CC07FA668ED77 /* Pods-MercadoPagoSDKExamplesObjectiveC.release.xcconfig */ = {isa = PBXFileReference; includeInIndex = 1; lastKnownFileType = text.xcconfig; name = "Pods-MercadoPagoSDKExamplesObjectiveC.release.xcconfig"; path = "Pods/Target Support Files/Pods-MercadoPagoSDKExamplesObjectiveC/Pods-MercadoPagoSDKExamplesObjectiveC.release.xcconfig"; sourceTree = "<group>"; };
		4B10DBC721398A0200EA2208 /* Base */ = {isa = PBXFileReference; lastKnownFileType = file.storyboard; name = Base; path = Base.lproj/Main.storyboard; sourceTree = "<group>"; };
		76BAC63F1E4B2ED80081F675 /* MercadoPagoSDKExamplesObjectiveC-Bridging-Header.h */ = {isa = PBXFileReference; lastKnownFileType = sourcecode.c.h; path = "MercadoPagoSDKExamplesObjectiveC-Bridging-Header.h"; sourceTree = "<group>"; };
		76EF7EBD1D2559140087C785 /* ExampleObjectiveC.app */ = {isa = PBXFileReference; explicitFileType = wrapper.application; includeInIndex = 0; path = ExampleObjectiveC.app; sourceTree = BUILT_PRODUCTS_DIR; };
		76EF7EC11D2559140087C785 /* main.m */ = {isa = PBXFileReference; lastKnownFileType = sourcecode.c.objc; path = main.m; sourceTree = "<group>"; };
		76EF7EC31D2559140087C785 /* AppDelegate.h */ = {isa = PBXFileReference; lastKnownFileType = sourcecode.c.h; path = AppDelegate.h; sourceTree = "<group>"; };
		76EF7EC41D2559140087C785 /* AppDelegate.m */ = {isa = PBXFileReference; lastKnownFileType = sourcecode.c.objc; path = AppDelegate.m; sourceTree = "<group>"; };
		76EF7ECC1D2559140087C785 /* Assets.xcassets */ = {isa = PBXFileReference; lastKnownFileType = folder.assetcatalog; path = Assets.xcassets; sourceTree = "<group>"; };
		76EF7ECF1D2559140087C785 /* Base */ = {isa = PBXFileReference; lastKnownFileType = file.storyboard; name = Base; path = Base.lproj/LaunchScreen.storyboard; sourceTree = "<group>"; };
		76EF7ED11D2559140087C785 /* Info.plist */ = {isa = PBXFileReference; lastKnownFileType = text.plist.xml; path = Info.plist; sourceTree = "<group>"; };
		81760F3A1FD5981B00237A81 /* MercadoPagoPXTracking.framework */ = {isa = PBXFileReference; explicitFileType = wrapper.framework; path = MercadoPagoPXTracking.framework; sourceTree = BUILT_PRODUCTS_DIR; };
		CB637D14DF4711A0EF71A19C /* Pods_MercadoPagoSDKExamplesObjectiveC.framework */ = {isa = PBXFileReference; explicitFileType = wrapper.framework; includeInIndex = 0; path = Pods_MercadoPagoSDKExamplesObjectiveC.framework; sourceTree = BUILT_PRODUCTS_DIR; };
		D4F2033CCE97CE570D04B263 /* Pods-MercadoPagoSDKExamplesObjectiveC.debug.xcconfig */ = {isa = PBXFileReference; includeInIndex = 1; lastKnownFileType = text.xcconfig; name = "Pods-MercadoPagoSDKExamplesObjectiveC.debug.xcconfig"; path = "Pods/Target Support Files/Pods-MercadoPagoSDKExamplesObjectiveC/Pods-MercadoPagoSDKExamplesObjectiveC.debug.xcconfig"; sourceTree = "<group>"; };
		FCB7859023E1D38B00B55FC7 /* ViewController.h */ = {isa = PBXFileReference; lastKnownFileType = sourcecode.c.h; path = ViewController.h; sourceTree = "<group>"; };
		FCB7859123E1D38B00B55FC7 /* ViewController.m */ = {isa = PBXFileReference; lastKnownFileType = sourcecode.c.objc; path = ViewController.m; sourceTree = "<group>"; };
/* End PBXFileReference section */

/* Begin PBXFrameworksBuildPhase section */
		76EF7EBA1D2559140087C785 /* Frameworks */ = {
			isa = PBXFrameworksBuildPhase;
			buildActionMask = 2147483647;
			files = (
				A17D53A79087F2684A52A498 /* Pods_MercadoPagoSDKExamplesObjectiveC.framework in Frameworks */,
			);
			runOnlyForDeploymentPostprocessing = 0;
		};
/* End PBXFrameworksBuildPhase section */

/* Begin PBXGroup section */
		250DBD73536A8A42B1E606E9 /* Frameworks */ = {
			isa = PBXGroup;
			children = (
				81760F3A1FD5981B00237A81 /* MercadoPagoPXTracking.framework */,
				CB637D14DF4711A0EF71A19C /* Pods_MercadoPagoSDKExamplesObjectiveC.framework */,
			);
			name = Frameworks;
			sourceTree = "<group>";
		};
		53C216D5D3803458ED18A717 /* Pods */ = {
			isa = PBXGroup;
			children = (
				388C1284408CC07FA668ED77 /* Pods-MercadoPagoSDKExamplesObjectiveC.release.xcconfig */,
				D4F2033CCE97CE570D04B263 /* Pods-MercadoPagoSDKExamplesObjectiveC.debug.xcconfig */,
			);
			name = Pods;
			sourceTree = "<group>";
		};
		76EF7EB41D2559140087C785 = {
			isa = PBXGroup;
			children = (
				76EF7EBF1D2559140087C785 /* MercadoPagoSDKExamplesObjectiveC */,
				76EF7EBE1D2559140087C785 /* Products */,
				250DBD73536A8A42B1E606E9 /* Frameworks */,
				53C216D5D3803458ED18A717 /* Pods */,
			);
			sourceTree = "<group>";
		};
		76EF7EBE1D2559140087C785 /* Products */ = {
			isa = PBXGroup;
			children = (
				76EF7EBD1D2559140087C785 /* ExampleObjectiveC.app */,
			);
			name = Products;
			sourceTree = "<group>";
		};
		76EF7EBF1D2559140087C785 /* MercadoPagoSDKExamplesObjectiveC */ = {
			isa = PBXGroup;
			children = (
				FCB7858D23E1D0C900B55FC7 /* Storyboards */,
				FCB7858E23E1D10200B55FC7 /* Controllers */,
				FCB7858F23E1D12C00B55FC7 /* Resources */,
				76EF7EC01D2559140087C785 /* Supporting Files */,
				76EF7EC31D2559140087C785 /* AppDelegate.h */,
				76EF7EC41D2559140087C785 /* AppDelegate.m */,
				76EF7ED11D2559140087C785 /* Info.plist */,
			);
			path = MercadoPagoSDKExamplesObjectiveC;
			sourceTree = "<group>";
		};
		76EF7EC01D2559140087C785 /* Supporting Files */ = {
			isa = PBXGroup;
			children = (
				76EF7EC11D2559140087C785 /* main.m */,
			);
			name = "Supporting Files";
			sourceTree = "<group>";
		};
		FCB7858D23E1D0C900B55FC7 /* Storyboards */ = {
			isa = PBXGroup;
			children = (
				4B10DBC621398A0200EA2208 /* Main.storyboard */,
				76EF7ECE1D2559140087C785 /* LaunchScreen.storyboard */,
			);
			path = Storyboards;
			sourceTree = "<group>";
		};
		FCB7858E23E1D10200B55FC7 /* Controllers */ = {
			isa = PBXGroup;
			children = (
				FCB7859023E1D38B00B55FC7 /* ViewController.h */,
				FCB7859123E1D38B00B55FC7 /* ViewController.m */,
			);
			path = Controllers;
			sourceTree = "<group>";
		};
		FCB7858F23E1D12C00B55FC7 /* Resources */ = {
			isa = PBXGroup;
			children = (
				76BAC63F1E4B2ED80081F675 /* MercadoPagoSDKExamplesObjectiveC-Bridging-Header.h */,
				76EF7ECC1D2559140087C785 /* Assets.xcassets */,
			);
			path = Resources;
			sourceTree = "<group>";
		};
/* End PBXGroup section */

/* Begin PBXNativeTarget section */
		76EF7EBC1D2559140087C785 /* ExampleObjectiveC */ = {
			isa = PBXNativeTarget;
			buildConfigurationList = 76EF7EEA1D2559140087C785 /* Build configuration list for PBXNativeTarget "ExampleObjectiveC" */;
			buildPhases = (
				F3BA351323CF6ABE085D82CA /* [CP] Check Pods Manifest.lock */,
				76EF7EB91D2559140087C785 /* Sources */,
				76EF7EBA1D2559140087C785 /* Frameworks */,
				15AF42AE1D36848100E70343 /* Embed Frameworks */,
				4B10DBC02139891C00EA2208 /* Resources */,
				4BEC4396223C12ED0023A58E /* ShellScript */,
				4055748D45D3CFEED03DFF6C /* [CP] Embed Pods Frameworks */,
			);
			buildRules = (
			);
			dependencies = (
			);
			name = ExampleObjectiveC;
			productName = MercadoPagoSDKExamplesObjectiveC;
			productReference = 76EF7EBD1D2559140087C785 /* ExampleObjectiveC.app */;
			productType = "com.apple.product-type.application";
		};
/* End PBXNativeTarget section */

/* Begin PBXProject section */
		76EF7EB51D2559140087C785 /* Project object */ = {
			isa = PBXProject;
			attributes = {
				LastUpgradeCheck = 0730;
				ORGANIZATIONNAME = MercadoPago;
				TargetAttributes = {
					76EF7EBC1D2559140087C785 = {
						CreatedOnToolsVersion = 7.3;
						DevelopmentTeam = 7APK8UCPQP;
						LastSwiftMigration = 0810;
						ProvisioningStyle = Automatic;
					};
				};
			};
			buildConfigurationList = 76EF7EB81D2559140087C785 /* Build configuration list for PBXProject "ExampleObjectiveC" */;
			compatibilityVersion = "Xcode 3.2";
			developmentRegion = English;
			hasScannedForEncodings = 0;
			knownRegions = (
				English,
				en,
				Base,
			);
			mainGroup = 76EF7EB41D2559140087C785;
			productRefGroup = 76EF7EBE1D2559140087C785 /* Products */;
			projectDirPath = "";
			projectRoot = "";
			targets = (
				76EF7EBC1D2559140087C785 /* ExampleObjectiveC */,
			);
		};
/* End PBXProject section */

/* Begin PBXResourcesBuildPhase section */
		4B10DBC02139891C00EA2208 /* Resources */ = {
			isa = PBXResourcesBuildPhase;
			buildActionMask = 2147483647;
			files = (
				4B10DBC5213989D000EA2208 /* Assets.xcassets in Resources */,
				4B10DBC4213989CB00EA2208 /* LaunchScreen.storyboard in Resources */,
				4B10DBC821398A0300EA2208 /* Main.storyboard in Resources */,
			);
			runOnlyForDeploymentPostprocessing = 0;
		};
/* End PBXResourcesBuildPhase section */

/* Begin PBXShellScriptBuildPhase section */
		4055748D45D3CFEED03DFF6C /* [CP] Embed Pods Frameworks */ = {
			isa = PBXShellScriptBuildPhase;
			buildActionMask = 2147483647;
			files = (
			);
			inputPaths = (
				"${PODS_ROOT}/Target Support Files/Pods-MercadoPagoSDKExamplesObjectiveC/Pods-MercadoPagoSDKExamplesObjectiveC-frameworks.sh",
				"${BUILT_PRODUCTS_DIR}/FXBlurView/FXBlurView.framework",
				"${BUILT_PRODUCTS_DIR}/JRSwizzle/JRSwizzle.framework",
				"${BUILT_PRODUCTS_DIR}/MLBusinessComponents/MLBusinessComponents.framework",
				"${BUILT_PRODUCTS_DIR}/MLCardDrawer/MLCardDrawer.framework",
				"${BUILT_PRODUCTS_DIR}/MLCardForm/MLCardForm.framework",
				"${BUILT_PRODUCTS_DIR}/MLUI/MLUI.framework",
				"${BUILT_PRODUCTS_DIR}/MercadoPagoSDK/MercadoPagoSDK.framework",
			);
			name = "[CP] Embed Pods Frameworks";
			outputPaths = (
				"${TARGET_BUILD_DIR}/${FRAMEWORKS_FOLDER_PATH}/FXBlurView.framework",
				"${TARGET_BUILD_DIR}/${FRAMEWORKS_FOLDER_PATH}/JRSwizzle.framework",
				"${TARGET_BUILD_DIR}/${FRAMEWORKS_FOLDER_PATH}/MLBusinessComponents.framework",
				"${TARGET_BUILD_DIR}/${FRAMEWORKS_FOLDER_PATH}/MLCardDrawer.framework",
				"${TARGET_BUILD_DIR}/${FRAMEWORKS_FOLDER_PATH}/MLCardForm.framework",
				"${TARGET_BUILD_DIR}/${FRAMEWORKS_FOLDER_PATH}/MLUI.framework",
				"${TARGET_BUILD_DIR}/${FRAMEWORKS_FOLDER_PATH}/MercadoPagoSDK.framework",
			);
			runOnlyForDeploymentPostprocessing = 0;
			shellPath = /bin/sh;
			shellScript = "\"${PODS_ROOT}/Target Support Files/Pods-MercadoPagoSDKExamplesObjectiveC/Pods-MercadoPagoSDKExamplesObjectiveC-frameworks.sh\"\n";
			showEnvVarsInLog = 0;
		};
		4BEC4396223C12ED0023A58E /* ShellScript */ = {
			isa = PBXShellScriptBuildPhase;
			buildActionMask = 2147483647;
			files = (
			);
			inputFileListPaths = (
			);
			inputPaths = (
			);
			outputFileListPaths = (
			);
			outputPaths = (
			);
			runOnlyForDeploymentPostprocessing = 0;
			shellPath = /bin/sh;
			shellScript = "cd ../MercadoPagoSDK\nif which swiftlint >/dev/null; then\nswiftlint\nelse\necho \"warning: SwiftLint not installed, download from https://github.com/realm/SwiftLint\"\nfi\n";
		};
		F3BA351323CF6ABE085D82CA /* [CP] Check Pods Manifest.lock */ = {
			isa = PBXShellScriptBuildPhase;
			buildActionMask = 2147483647;
			files = (
			);
			inputFileListPaths = (
			);
			inputPaths = (
				"${PODS_PODFILE_DIR_PATH}/Podfile.lock",
				"${PODS_ROOT}/Manifest.lock",
			);
			name = "[CP] Check Pods Manifest.lock";
			outputFileListPaths = (
			);
			outputPaths = (
				"$(DERIVED_FILE_DIR)/Pods-MercadoPagoSDKExamplesObjectiveC-checkManifestLockResult.txt",
			);
			runOnlyForDeploymentPostprocessing = 0;
			shellPath = /bin/sh;
			shellScript = "diff \"${PODS_PODFILE_DIR_PATH}/Podfile.lock\" \"${PODS_ROOT}/Manifest.lock\" > /dev/null\nif [ $? != 0 ] ; then\n    # print error to STDERR\n    echo \"error: The sandbox is not in sync with the Podfile.lock. Run 'pod install' or update your CocoaPods installation.\" >&2\n    exit 1\nfi\n# This output is used by Xcode 'outputs' to avoid re-running this script phase.\necho \"SUCCESS\" > \"${SCRIPT_OUTPUT_FILE_0}\"\n";
			showEnvVarsInLog = 0;
		};
/* End PBXShellScriptBuildPhase section */

/* Begin PBXSourcesBuildPhase section */
		76EF7EB91D2559140087C785 /* Sources */ = {
			isa = PBXSourcesBuildPhase;
			buildActionMask = 2147483647;
			files = (
				76EF7EC51D2559140087C785 /* AppDelegate.m in Sources */,
				FCB7859223E1D38B00B55FC7 /* ViewController.m in Sources */,
				76EF7EC21D2559140087C785 /* main.m in Sources */,
			);
			runOnlyForDeploymentPostprocessing = 0;
		};
/* End PBXSourcesBuildPhase section */

/* Begin PBXVariantGroup section */
		4B10DBC621398A0200EA2208 /* Main.storyboard */ = {
			isa = PBXVariantGroup;
			children = (
				4B10DBC721398A0200EA2208 /* Base */,
			);
			name = Main.storyboard;
			sourceTree = "<group>";
		};
		76EF7ECE1D2559140087C785 /* LaunchScreen.storyboard */ = {
			isa = PBXVariantGroup;
			children = (
				76EF7ECF1D2559140087C785 /* Base */,
			);
			name = LaunchScreen.storyboard;
			sourceTree = "<group>";
		};
/* End PBXVariantGroup section */

/* Begin XCBuildConfiguration section */
		76EF7EE81D2559140087C785 /* Debug */ = {
			isa = XCBuildConfiguration;
			buildSettings = {
				ALWAYS_SEARCH_USER_PATHS = NO;
				CLANG_ANALYZER_NONNULL = YES;
				CLANG_CXX_LANGUAGE_STANDARD = "gnu++0x";
				CLANG_CXX_LIBRARY = "libc++";
				CLANG_ENABLE_MODULES = YES;
				CLANG_ENABLE_OBJC_ARC = YES;
				CLANG_WARN_BOOL_CONVERSION = YES;
				CLANG_WARN_CONSTANT_CONVERSION = YES;
				CLANG_WARN_DIRECT_OBJC_ISA_USAGE = YES_ERROR;
				CLANG_WARN_EMPTY_BODY = YES;
				CLANG_WARN_ENUM_CONVERSION = YES;
				CLANG_WARN_INT_CONVERSION = YES;
				CLANG_WARN_OBJC_ROOT_CLASS = YES_ERROR;
				CLANG_WARN_UNREACHABLE_CODE = YES;
				CLANG_WARN__DUPLICATE_METHOD_MATCH = YES;
				"CODE_SIGN_IDENTITY[sdk=iphoneos*]" = "iPhone Developer";
				COPY_PHASE_STRIP = NO;
				DEBUG_ACTIVITY_MODE = "";
				"DEBUG_ACTIVITY_MODE[sdk=iphonesimulator*]" = disabled;
				DEBUG_INFORMATION_FORMAT = dwarf;
				ENABLE_BITCODE = NO;
				ENABLE_STRICT_OBJC_MSGSEND = YES;
				ENABLE_TESTABILITY = YES;
				GCC_C_LANGUAGE_STANDARD = gnu99;
				GCC_DYNAMIC_NO_PIC = NO;
				GCC_NO_COMMON_BLOCKS = YES;
				GCC_OPTIMIZATION_LEVEL = 0;
				GCC_PREPROCESSOR_DEFINITIONS = (
					"DEBUG=1",
					"$(inherited)",
				);
				GCC_WARN_64_TO_32_BIT_CONVERSION = YES;
				GCC_WARN_ABOUT_RETURN_TYPE = YES_ERROR;
				GCC_WARN_UNDECLARED_SELECTOR = YES;
				GCC_WARN_UNINITIALIZED_AUTOS = YES_AGGRESSIVE;
				GCC_WARN_UNUSED_FUNCTION = YES;
				GCC_WARN_UNUSED_VARIABLE = YES;
				IPHONEOS_DEPLOYMENT_TARGET = 10.3;
				MTL_ENABLE_DEBUG_INFO = YES;
				ONLY_ACTIVE_ARCH = YES;
				SDKROOT = iphoneos;
				SWIFT_VERSION = 4.0;
				TARGETED_DEVICE_FAMILY = "1,2";
			};
			name = Debug;
		};
		76EF7EE91D2559140087C785 /* Release */ = {
			isa = XCBuildConfiguration;
			buildSettings = {
				ALWAYS_SEARCH_USER_PATHS = NO;
				CLANG_ANALYZER_NONNULL = YES;
				CLANG_CXX_LANGUAGE_STANDARD = "gnu++0x";
				CLANG_CXX_LIBRARY = "libc++";
				CLANG_ENABLE_MODULES = YES;
				CLANG_ENABLE_OBJC_ARC = YES;
				CLANG_WARN_BOOL_CONVERSION = YES;
				CLANG_WARN_CONSTANT_CONVERSION = YES;
				CLANG_WARN_DIRECT_OBJC_ISA_USAGE = YES_ERROR;
				CLANG_WARN_EMPTY_BODY = YES;
				CLANG_WARN_ENUM_CONVERSION = YES;
				CLANG_WARN_INT_CONVERSION = YES;
				CLANG_WARN_OBJC_ROOT_CLASS = YES_ERROR;
				CLANG_WARN_UNREACHABLE_CODE = YES;
				CLANG_WARN__DUPLICATE_METHOD_MATCH = YES;
				"CODE_SIGN_IDENTITY[sdk=*]" = "iPhone Developer";
				COPY_PHASE_STRIP = NO;
				DEBUG_ACTIVITY_MODE = "";
				DEBUG_INFORMATION_FORMAT = "dwarf-with-dsym";
				ENABLE_BITCODE = NO;
				ENABLE_NS_ASSERTIONS = NO;
				ENABLE_STRICT_OBJC_MSGSEND = YES;
				GCC_C_LANGUAGE_STANDARD = gnu99;
				GCC_NO_COMMON_BLOCKS = YES;
				GCC_WARN_64_TO_32_BIT_CONVERSION = YES;
				GCC_WARN_ABOUT_RETURN_TYPE = YES_ERROR;
				GCC_WARN_UNDECLARED_SELECTOR = YES;
				GCC_WARN_UNINITIALIZED_AUTOS = YES_AGGRESSIVE;
				GCC_WARN_UNUSED_FUNCTION = YES;
				GCC_WARN_UNUSED_VARIABLE = YES;
				IPHONEOS_DEPLOYMENT_TARGET = 10.3;
				MTL_ENABLE_DEBUG_INFO = NO;
				SDKROOT = iphoneos;
				SWIFT_VERSION = 4.0;
				TARGETED_DEVICE_FAMILY = "1,2";
				VALIDATE_PRODUCT = YES;
			};
			name = Release;
		};
		76EF7EEB1D2559140087C785 /* Debug */ = {
			isa = XCBuildConfiguration;
			baseConfigurationReference = D4F2033CCE97CE570D04B263 /* Pods-MercadoPagoSDKExamplesObjectiveC.debug.xcconfig */;
			buildSettings = {
				ALWAYS_EMBED_SWIFT_STANDARD_LIBRARIES = YES;
				ASSETCATALOG_COMPILER_APPICON_NAME = AppIcon;
				CLANG_ENABLE_MODULES = YES;
				DEVELOPMENT_TEAM = 7APK8UCPQP;
				EMBEDDED_CONTENT_CONTAINS_SWIFT = YES;
				INFOPLIST_FILE = MercadoPagoSDKExamplesObjectiveC/Info.plist;
				IPHONEOS_DEPLOYMENT_TARGET = 10.2;
				LD_RUNPATH_SEARCH_PATHS = "$(inherited) @executable_path/Frameworks";
				PRODUCT_BUNDLE_IDENTIFIER = com.MercadoPagoSDKExamplesObjectiveC;
				PRODUCT_NAME = ExampleObjectiveC;
				PROVISIONING_PROFILE_SPECIFIER = "";
				SWIFT_OBJC_BRIDGING_HEADER = "MercadoPagoSDKExamplesObjectiveC/MercadoPagoSDKExamplesObjectiveC-Bridging-Header.h";
				SWIFT_OPTIMIZATION_LEVEL = "-Onone";
				SWIFT_VERSION = 4.2;
			};
			name = Debug;
		};
		76EF7EEC1D2559140087C785 /* Release */ = {
			isa = XCBuildConfiguration;
			baseConfigurationReference = 388C1284408CC07FA668ED77 /* Pods-MercadoPagoSDKExamplesObjectiveC.release.xcconfig */;
			buildSettings = {
				ALWAYS_EMBED_SWIFT_STANDARD_LIBRARIES = YES;
				ASSETCATALOG_COMPILER_APPICON_NAME = AppIcon;
				CLANG_ENABLE_MODULES = YES;
				DEVELOPMENT_TEAM = 7APK8UCPQP;
				EMBEDDED_CONTENT_CONTAINS_SWIFT = YES;
				INFOPLIST_FILE = MercadoPagoSDKExamplesObjectiveC/Info.plist;
				IPHONEOS_DEPLOYMENT_TARGET = 10.2;
				LD_RUNPATH_SEARCH_PATHS = "$(inherited) @executable_path/Frameworks";
				PRODUCT_BUNDLE_IDENTIFIER = com.MercadoPagoSDKExamplesObjectiveC;
				PRODUCT_NAME = ExampleObjectiveC;
				PROVISIONING_PROFILE_SPECIFIER = "";
				SWIFT_OBJC_BRIDGING_HEADER = "MercadoPagoSDKExamplesObjectiveC/MercadoPagoSDKExamplesObjectiveC-Bridging-Header.h";
				SWIFT_VERSION = 4.2;
			};
			name = Release;
		};
/* End XCBuildConfiguration section */

/* Begin XCConfigurationList section */
		76EF7EB81D2559140087C785 /* Build configuration list for PBXProject "ExampleObjectiveC" */ = {
			isa = XCConfigurationList;
			buildConfigurations = (
				76EF7EE81D2559140087C785 /* Debug */,
				76EF7EE91D2559140087C785 /* Release */,
			);
			defaultConfigurationIsVisible = 0;
			defaultConfigurationName = Release;
		};
		76EF7EEA1D2559140087C785 /* Build configuration list for PBXNativeTarget "ExampleObjectiveC" */ = {
			isa = XCConfigurationList;
			buildConfigurations = (
				76EF7EEB1D2559140087C785 /* Debug */,
				76EF7EEC1D2559140087C785 /* Release */,
			);
			defaultConfigurationIsVisible = 0;
			defaultConfigurationName = Release;
		};
/* End XCConfigurationList section */
	};
	rootObject = 76EF7EB51D2559140087C785 /* Project object */;
}
